
Microsoft Visual Studio Solution File, Format Version 12.00
# Visual Studio Version 16
VisualStudioVersion = 16.0.31911.196
MinimumVisualStudioVersion = 10.0.40219.1
Project("{9A19103F-16F7-4668-BE54-9A1E7A4F7556}") = "Synthesis Assignment", "Synthesis Assignment\Synthesis Assignment.csproj", "{0DA80C3E-694E-42E7-82E8-22F101E9ADD1}"
EndProject
Project("{9A19103F-16F7-4668-BE54-9A1E7A4F7556}") = "SynthesisAssignment.Services", "SynthesisAssignment.Services\SynthesisAssignment.Services.csproj", "{9DD67821-EFE0-4076-ABBA-CCE600AC6AFB}"
EndProject
Project("{FAE04EC0-301F-11D3-BF4B-00C04F79EFBC}") = "SynthesisAssignment.Models", "SynthesisAssignment.Models\SynthesisAssignment.Models.csproj", "{7EC9B5C9-6761-4B96-BA74-87AFC769468A}"
EndProject
Global
	GlobalSection(SolutionConfigurationPlatforms) = preSolution
		Debug|Any CPU = Debug|Any CPU
		Release|Any CPU = Release|Any CPU
	EndGlobalSection
	GlobalSection(ProjectConfigurationPlatforms) = postSolution
		{0DA80C3E-694E-42E7-82E8-22F101E9ADD1}.Debug|Any CPU.ActiveCfg = Debug|Any CPU
		{0DA80C3E-694E-42E7-82E8-22F101E9ADD1}.Debug|Any CPU.Build.0 = Debug|Any CPU
		{0DA80C3E-694E-42E7-82E8-22F101E9ADD1}.Release|Any CPU.ActiveCfg = Release|Any CPU
		{0DA80C3E-694E-42E7-82E8-22F101E9ADD1}.Release|Any CPU.Build.0 = Release|Any CPU
		{9DD67821-EFE0-4076-ABBA-CCE600AC6AFB}.Debug|Any CPU.ActiveCfg = Debug|Any CPU
		{9DD67821-EFE0-4076-ABBA-CCE600AC6AFB}.Debug|Any CPU.Build.0 = Debug|Any CPU
		{9DD67821-EFE0-4076-ABBA-CCE600AC6AFB}.Release|Any CPU.ActiveCfg = Release|Any CPU
		{9DD67821-EFE0-4076-ABBA-CCE600AC6AFB}.Release|Any CPU.Build.0 = Release|Any CPU
		{7EC9B5C9-6761-4B96-BA74-87AFC769468A}.Debug|Any CPU.ActiveCfg = Debug|Any CPU
		{7EC9B5C9-6761-4B96-BA74-87AFC769468A}.Debug|Any CPU.Build.0 = Debug|Any CPU
		{7EC9B5C9-6761-4B96-BA74-87AFC769468A}.Release|Any CPU.ActiveCfg = Release|Any CPU
		{7EC9B5C9-6761-4B96-BA74-87AFC769468A}.Release|Any CPU.Build.0 = Release|Any CPU
	EndGlobalSection
	GlobalSection(SolutionProperties) = preSolution
		HideSolutionNode = FALSE
	EndGlobalSection
	GlobalSection(ExtensibilityGlobals) = postSolution
		SolutionGuid = {E1F0EE35-6D10-4951-855B-B11A08057A63}
	EndGlobalSection
EndGlobal
